
Microsoft Visual Studio Solution File, Format Version 12.00
# Visual Studio 15
VisualStudioVersion = 15.0.28010.2041
MinimumVisualStudioVersion = 10.0.40219.1
Project("{FAE04EC0-301F-11D3-BF4B-00C04F79EFBC}") = "Messaging", "Messaging\Messaging.csproj", "{187F1D84-AAA9-4FA0-9D48-B61EC952B069}"
EndProject
Project("{2150E333-8FDC-42A3-9474-1A3956D46DE8}") = "Clients", "Clients", "{9F7156AA-5B9D-42F0-AD67-D7DF782D0670}"
EndProject
Project("{FAE04EC0-301F-11D3-BF4B-00C04F79EFBC}") = "Messaging.Tests.Integration", "..\Messaging.Tests.Integration\Messaging.Tests.Integration.csproj", "{5F374341-9399-4F13-82F4-7614A9A951B5}"
EndProject
Global
	GlobalSection(SolutionConfigurationPlatforms) = preSolution
		Debug|Any CPU = Debug|Any CPU
		Release|Any CPU = Release|Any CPU
	EndGlobalSection
	GlobalSection(ProjectConfigurationPlatforms) = postSolution
		{187F1D84-AAA9-4FA0-9D48-B61EC952B069}.Debug|Any CPU.ActiveCfg = Debug|Any CPU
		{187F1D84-AAA9-4FA0-9D48-B61EC952B069}.Debug|Any CPU.Build.0 = Debug|Any CPU
		{187F1D84-AAA9-4FA0-9D48-B61EC952B069}.Release|Any CPU.ActiveCfg = Release|Any CPU
		{187F1D84-AAA9-4FA0-9D48-B61EC952B069}.Release|Any CPU.Build.0 = Release|Any CPU
		{5F374341-9399-4F13-82F4-7614A9A951B5}.Debug|Any CPU.ActiveCfg = Debug|Any CPU
		{5F374341-9399-4F13-82F4-7614A9A951B5}.Debug|Any CPU.Build.0 = Debug|Any CPU
		{5F374341-9399-4F13-82F4-7614A9A951B5}.Release|Any CPU.ActiveCfg = Release|Any CPU
		{5F374341-9399-4F13-82F4-7614A9A951B5}.Release|Any CPU.Build.0 = Release|Any CPU
	EndGlobalSection
	GlobalSection(SolutionProperties) = preSolution
		HideSolutionNode = FALSE
	EndGlobalSection
	GlobalSection(ExtensibilityGlobals) = postSolution
		SolutionGuid = {FDC380C1-5EEE-4DD8-A128-D5277AB1B337}
	EndGlobalSection
EndGlobal
