
Microsoft Visual Studio Solution File, Format Version 12.00
# Visual Studio Version 16
VisualStudioVersion = 16.0.29215.179
MinimumVisualStudioVersion = 10.0.40219.1
Project("{9A19103F-16F7-4668-BE54-9A1E7A4F7556}") = "Messaging", "Messaging\Messaging.csproj", "{187F1D84-AAA9-4FA0-9D48-B61EC952B069}"
EndProject
Project("{9A19103F-16F7-4668-BE54-9A1E7A4F7556}") = "Messaging.Tests", "Messaging.Tests\Messaging.Tests.csproj", "{479D5370-E99E-45C5-9647-7448E44A5F48}"
EndProject
Global
	GlobalSection(SolutionConfigurationPlatforms) = preSolution
		Debug|Any CPU = Debug|Any CPU
		Release|Any CPU = Release|Any CPU
	EndGlobalSection
	GlobalSection(ProjectConfigurationPlatforms) = postSolution
		{187F1D84-AAA9-4FA0-9D48-B61EC952B069}.Debug|Any CPU.ActiveCfg = Debug|Any CPU
		{187F1D84-AAA9-4FA0-9D48-B61EC952B069}.Debug|Any CPU.Build.0 = Debug|Any CPU
		{187F1D84-AAA9-4FA0-9D48-B61EC952B069}.Release|Any CPU.ActiveCfg = Release|Any CPU
		{187F1D84-AAA9-4FA0-9D48-B61EC952B069}.Release|Any CPU.Build.0 = Release|Any CPU
		{479D5370-E99E-45C5-9647-7448E44A5F48}.Debug|Any CPU.ActiveCfg = Debug|Any CPU
		{479D5370-E99E-45C5-9647-7448E44A5F48}.Debug|Any CPU.Build.0 = Debug|Any CPU
		{479D5370-E99E-45C5-9647-7448E44A5F48}.Release|Any CPU.ActiveCfg = Release|Any CPU
		{479D5370-E99E-45C5-9647-7448E44A5F48}.Release|Any CPU.Build.0 = Release|Any CPU
	EndGlobalSection
	GlobalSection(SolutionProperties) = preSolution
		HideSolutionNode = FALSE
	EndGlobalSection
	GlobalSection(ExtensibilityGlobals) = postSolution
		SolutionGuid = {FDC380C1-5EEE-4DD8-A128-D5277AB1B337}
	EndGlobalSection
EndGlobal
