
Microsoft Visual Studio Solution File, Format Version 12.00
# Visual Studio Version 16
VisualStudioVersion = 16.0.29215.179
MinimumVisualStudioVersion = 10.0.40219.1
Project("{FAE04EC0-301F-11D3-BF4B-00C04F79EFBC}") = "AdminManagementApp", "AdminManagementApp.csproj", "{A10FE387-B885-4AD8-8C8E-D095A1D34EB1}"
EndProject
Global
	GlobalSection(SolutionConfigurationPlatforms) = preSolution
		Debug|Any CPU = Debug|Any CPU
		Release|Any CPU = Release|Any CPU
	EndGlobalSection
	GlobalSection(ProjectConfigurationPlatforms) = postSolution
		{A10FE387-B885-4AD8-8C8E-D095A1D34EB1}.Debug|Any CPU.ActiveCfg = Debug|Any CPU
		{A10FE387-B885-4AD8-8C8E-D095A1D34EB1}.Debug|Any CPU.Build.0 = Debug|Any CPU
		{A10FE387-B885-4AD8-8C8E-D095A1D34EB1}.Release|Any CPU.ActiveCfg = Release|Any CPU
		{A10FE387-B885-4AD8-8C8E-D095A1D34EB1}.Release|Any CPU.Build.0 = Release|Any CPU
	EndGlobalSection
	GlobalSection(SolutionProperties) = preSolution
		HideSolutionNode = FALSE
	EndGlobalSection
	GlobalSection(ExtensibilityGlobals) = postSolution
		SolutionGuid = {EC31276F-6991-4276-8C82-7666351FDED9}
	EndGlobalSection
EndGlobal
