
Microsoft Visual Studio Solution File, Format Version 12.00
# Visual Studio Version 16
VisualStudioVersion = 16.0.29215.179
MinimumVisualStudioVersion = 10.0.40219.1
Project("{9A19103F-16F7-4668-BE54-9A1E7A4F7556}") = "AdminManagementApp", "AdminManagementApp\AdminManagementApp.csproj", "{62C9C031-00B4-4332-B6E9-69771A3BB55D}"
EndProject
Global
	GlobalSection(SolutionConfigurationPlatforms) = preSolution
		Debug|Any CPU = Debug|Any CPU
		Release|Any CPU = Release|Any CPU
	EndGlobalSection
	GlobalSection(ProjectConfigurationPlatforms) = postSolution
		{62C9C031-00B4-4332-B6E9-69771A3BB55D}.Debug|Any CPU.ActiveCfg = Debug|Any CPU
		{62C9C031-00B4-4332-B6E9-69771A3BB55D}.Debug|Any CPU.Build.0 = Debug|Any CPU
		{62C9C031-00B4-4332-B6E9-69771A3BB55D}.Release|Any CPU.ActiveCfg = Release|Any CPU
		{62C9C031-00B4-4332-B6E9-69771A3BB55D}.Release|Any CPU.Build.0 = Release|Any CPU
	EndGlobalSection
	GlobalSection(SolutionProperties) = preSolution
		HideSolutionNode = FALSE
	EndGlobalSection
	GlobalSection(ExtensibilityGlobals) = postSolution
		SolutionGuid = {EC31276F-6991-4276-8C82-7666351FDED9}
	EndGlobalSection
EndGlobal
