
Microsoft Visual Studio Solution File, Format Version 12.00
# Visual Studio Version 16
VisualStudioVersion = 16.0.29215.179
MinimumVisualStudioVersion = 10.0.40219.1
Project("{9A19103F-16F7-4668-BE54-9A1E7A4F7556}") = "Files.Tests", "Files.Tests\Files.Tests.csproj", "{D7EA6104-CD66-4F89-8E8C-F35B91E6FE45}"
EndProject
Project("{9A19103F-16F7-4668-BE54-9A1E7A4F7556}") = "Files", "Files\Files.csproj", "{B51496FA-7FC5-458D-93BA-8A3081D86D6F}"
EndProject
Project("{9A19103F-16F7-4668-BE54-9A1E7A4F7556}") = "FileAccessConsole", "FileAccessConsole\FileAccessConsole.csproj", "{C93D2572-E5EB-4C4B-B671-1B52F14589F7}"
EndProject
Global
	GlobalSection(SolutionConfigurationPlatforms) = preSolution
		Debug|Any CPU = Debug|Any CPU
		Release|Any CPU = Release|Any CPU
	EndGlobalSection
	GlobalSection(ProjectConfigurationPlatforms) = postSolution
		{D7EA6104-CD66-4F89-8E8C-F35B91E6FE45}.Debug|Any CPU.ActiveCfg = Debug|Any CPU
		{D7EA6104-CD66-4F89-8E8C-F35B91E6FE45}.Debug|Any CPU.Build.0 = Debug|Any CPU
		{D7EA6104-CD66-4F89-8E8C-F35B91E6FE45}.Release|Any CPU.ActiveCfg = Release|Any CPU
		{D7EA6104-CD66-4F89-8E8C-F35B91E6FE45}.Release|Any CPU.Build.0 = Release|Any CPU
		{B51496FA-7FC5-458D-93BA-8A3081D86D6F}.Debug|Any CPU.ActiveCfg = Debug|Any CPU
		{B51496FA-7FC5-458D-93BA-8A3081D86D6F}.Debug|Any CPU.Build.0 = Debug|Any CPU
		{B51496FA-7FC5-458D-93BA-8A3081D86D6F}.Release|Any CPU.ActiveCfg = Release|Any CPU
		{B51496FA-7FC5-458D-93BA-8A3081D86D6F}.Release|Any CPU.Build.0 = Release|Any CPU
		{C93D2572-E5EB-4C4B-B671-1B52F14589F7}.Debug|Any CPU.ActiveCfg = Debug|Any CPU
		{C93D2572-E5EB-4C4B-B671-1B52F14589F7}.Debug|Any CPU.Build.0 = Debug|Any CPU
		{C93D2572-E5EB-4C4B-B671-1B52F14589F7}.Release|Any CPU.ActiveCfg = Release|Any CPU
		{C93D2572-E5EB-4C4B-B671-1B52F14589F7}.Release|Any CPU.Build.0 = Release|Any CPU
	EndGlobalSection
	GlobalSection(SolutionProperties) = preSolution
		HideSolutionNode = FALSE
	EndGlobalSection
	GlobalSection(ExtensibilityGlobals) = postSolution
		SolutionGuid = {98E450C4-DDA4-4634-8858-4BA4F91302F6}
	EndGlobalSection
EndGlobal
