
Microsoft Visual Studio Solution File, Format Version 12.00
# Visual Studio 15
VisualStudioVersion = 15.0.27703.2035
MinimumVisualStudioVersion = 10.0.40219.1
Project("{9A19103F-16F7-4668-BE54-9A1E7A4F7556}") = "TileFactory", "TileFactory\TileFactory.csproj", "{AF7727EC-BF1D-4680-A92F-0C39936FCA3D}"
EndProject
Project("{9A19103F-16F7-4668-BE54-9A1E7A4F7556}") = "TileFactory.Tests", "TileFactory.Tests\TileFactory.Tests.csproj", "{FE7B25B9-D713-4FAA-92F5-A97BF456BBDC}"
EndProject
Project("{2150E333-8FDC-42A3-9474-1A3956D46DE8}") = "Clients", "Clients", "{71DC38EF-1750-4120-A725-106F6D4BDCDA}"
EndProject
Project("{9A19103F-16F7-4668-BE54-9A1E7A4F7556}") = "TileSandbox", "TileSandbox\TileSandbox.csproj", "{BA388D34-DC11-44A4-B21B-0B3EE18B24D9}"
EndProject
Project("{2150E333-8FDC-42A3-9474-1A3956D46DE8}") = "Modules", "Modules", "{4A180566-73DD-4A75-ACC0-EC3DE451EC51}"
EndProject
Project("{2150E333-8FDC-42A3-9474-1A3956D46DE8}") = "Settings", "Settings", "{E2F0663D-20EC-4622-9EA0-59BF94B2C824}"
	ProjectSection(SolutionItems) = preProject
		code_coverage.runsettings = code_coverage.runsettings
	EndProjectSection
EndProject
Project("{FAE04EC0-301F-11D3-BF4B-00C04F79EFBC}") = "TileServerSandbox", "TileServerSandbox\TileServerSandbox.csproj", "{FD2F82FD-0952-46AD-A9A3-DF291CE47768}"
EndProject
Global
	GlobalSection(SolutionConfigurationPlatforms) = preSolution
		Debug|Any CPU = Debug|Any CPU
		Release|Any CPU = Release|Any CPU
	EndGlobalSection
	GlobalSection(ProjectConfigurationPlatforms) = postSolution
		{AF7727EC-BF1D-4680-A92F-0C39936FCA3D}.Debug|Any CPU.ActiveCfg = Debug|Any CPU
		{AF7727EC-BF1D-4680-A92F-0C39936FCA3D}.Debug|Any CPU.Build.0 = Debug|Any CPU
		{AF7727EC-BF1D-4680-A92F-0C39936FCA3D}.Release|Any CPU.ActiveCfg = Release|Any CPU
		{AF7727EC-BF1D-4680-A92F-0C39936FCA3D}.Release|Any CPU.Build.0 = Release|Any CPU
		{FE7B25B9-D713-4FAA-92F5-A97BF456BBDC}.Debug|Any CPU.ActiveCfg = Debug|Any CPU
		{FE7B25B9-D713-4FAA-92F5-A97BF456BBDC}.Debug|Any CPU.Build.0 = Debug|Any CPU
		{FE7B25B9-D713-4FAA-92F5-A97BF456BBDC}.Release|Any CPU.ActiveCfg = Release|Any CPU
		{FE7B25B9-D713-4FAA-92F5-A97BF456BBDC}.Release|Any CPU.Build.0 = Release|Any CPU
		{BA388D34-DC11-44A4-B21B-0B3EE18B24D9}.Debug|Any CPU.ActiveCfg = Debug|Any CPU
		{BA388D34-DC11-44A4-B21B-0B3EE18B24D9}.Debug|Any CPU.Build.0 = Debug|Any CPU
		{BA388D34-DC11-44A4-B21B-0B3EE18B24D9}.Release|Any CPU.ActiveCfg = Release|Any CPU
		{BA388D34-DC11-44A4-B21B-0B3EE18B24D9}.Release|Any CPU.Build.0 = Release|Any CPU
		{FD2F82FD-0952-46AD-A9A3-DF291CE47768}.Debug|Any CPU.ActiveCfg = Debug|Any CPU
		{FD2F82FD-0952-46AD-A9A3-DF291CE47768}.Debug|Any CPU.Build.0 = Debug|Any CPU
		{FD2F82FD-0952-46AD-A9A3-DF291CE47768}.Release|Any CPU.ActiveCfg = Release|Any CPU
		{FD2F82FD-0952-46AD-A9A3-DF291CE47768}.Release|Any CPU.Build.0 = Release|Any CPU
	EndGlobalSection
	GlobalSection(SolutionProperties) = preSolution
		HideSolutionNode = FALSE
	EndGlobalSection
	GlobalSection(NestedProjects) = preSolution
		{BA388D34-DC11-44A4-B21B-0B3EE18B24D9} = {71DC38EF-1750-4120-A725-106F6D4BDCDA}
		{FD2F82FD-0952-46AD-A9A3-DF291CE47768} = {71DC38EF-1750-4120-A725-106F6D4BDCDA}
	EndGlobalSection
	GlobalSection(ExtensibilityGlobals) = postSolution
		SolutionGuid = {B0DA688F-818A-4485-8CEC-22E6F500EAC1}
	EndGlobalSection
EndGlobal
